
Microsoft Visual Studio Solution File, Format Version 12.00
# Visual Studio Version 17
VisualStudioVersion = 17.5.002.0
MinimumVisualStudioVersion = 10.0.40219.1
Project("{9A19103F-16F7-4668-BE54-9A1E7A4F7556}") = "BankAccounts", "BankAccounts.csproj", "{4893680F-B3CF-4684-A07C-02E3AC401C2B}"
EndProject
Global
	GlobalSection(SolutionConfigurationPlatforms) = preSolution
		Debug|Any CPU = Debug|Any CPU
		Release|Any CPU = Release|Any CPU
	EndGlobalSection
	GlobalSection(ProjectConfigurationPlatforms) = postSolution
		{4893680F-B3CF-4684-A07C-02E3AC401C2B}.Debug|Any CPU.ActiveCfg = Debug|Any CPU
		{4893680F-B3CF-4684-A07C-02E3AC401C2B}.Debug|Any CPU.Build.0 = Debug|Any CPU
		{4893680F-B3CF-4684-A07C-02E3AC401C2B}.Release|Any CPU.ActiveCfg = Release|Any CPU
		{4893680F-B3CF-4684-A07C-02E3AC401C2B}.Release|Any CPU.Build.0 = Release|Any CPU
	EndGlobalSection
	GlobalSection(SolutionProperties) = preSolution
		HideSolutionNode = FALSE
	EndGlobalSection
	GlobalSection(ExtensibilityGlobals) = postSolution
		SolutionGuid = {E11E9F6A-AA38-401D-866B-60C297EDA33D}
	EndGlobalSection
EndGlobal
